
Microsoft Visual Studio Solution File, Format Version 12.00
# Visual Studio Version 16
VisualStudioVersion = 16.0.30225.117
MinimumVisualStudioVersion = 10.0.40219.1
Project("{FAE04EC0-301F-11D3-BF4B-00C04F79EFBC}") = "My Portfolio", "My Portfolio\My Portfolio.csproj", "{4491F220-D6C3-431F-90EF-73A07AA71B25}"
EndProject
Global
	GlobalSection(SolutionConfigurationPlatforms) = preSolution
		Debug|Any CPU = Debug|Any CPU
		Release|Any CPU = Release|Any CPU
	EndGlobalSection
	GlobalSection(ProjectConfigurationPlatforms) = postSolution
		{4491F220-D6C3-431F-90EF-73A07AA71B25}.Debug|Any CPU.ActiveCfg = Debug|Any CPU
		{4491F220-D6C3-431F-90EF-73A07AA71B25}.Debug|Any CPU.Build.0 = Debug|Any CPU
		{4491F220-D6C3-431F-90EF-73A07AA71B25}.Release|Any CPU.ActiveCfg = Release|Any CPU
		{4491F220-D6C3-431F-90EF-73A07AA71B25}.Release|Any CPU.Build.0 = Release|Any CPU
	EndGlobalSection
	GlobalSection(SolutionProperties) = preSolution
		HideSolutionNode = FALSE
	EndGlobalSection
	GlobalSection(ExtensibilityGlobals) = postSolution
		SolutionGuid = {859DD979-198A-4E34-9925-EC9DED87E958}
	EndGlobalSection
EndGlobal
